
Microsoft Visual Studio Solution File, Format Version 12.00
# Visual Studio 15
VisualStudioVersion = 15.0.27130.2027
MinimumVisualStudioVersion = 10.0.40219.1
Project("{FAE04EC0-301F-11D3-BF4B-00C04F79EFBC}") = "VSTSClient.WIT", "VSTSClient.WIT\VSTSClient.WIT.csproj", "{0D1E656E-A40D-47AF-BCE3-72EB7120A1F7}"
EndProject
Project("{FAE04EC0-301F-11D3-BF4B-00C04F79EFBC}") = "VSTSClient.ProcessTemplate", "VSTSClient.ProcessTemplate\VSTSClient.ProcessTemplate.csproj", "{22B1D6AC-0C77-4298-9639-20D024A0C647}"
EndProject
Project("{FAE04EC0-301F-11D3-BF4B-00C04F79EFBC}") = "VSTSClient.Shared", "VSTSClient.Shared\VSTSClient.Shared.csproj", "{452F5654-67BA-44A8-9648-25D663F5482E}"
EndProject
Global
	GlobalSection(SolutionConfigurationPlatforms) = preSolution
		Debug|Any CPU = Debug|Any CPU
		Release|Any CPU = Release|Any CPU
	EndGlobalSection
	GlobalSection(ProjectConfigurationPlatforms) = postSolution
		{0D1E656E-A40D-47AF-BCE3-72EB7120A1F7}.Debug|Any CPU.ActiveCfg = Debug|Any CPU
		{0D1E656E-A40D-47AF-BCE3-72EB7120A1F7}.Debug|Any CPU.Build.0 = Debug|Any CPU
		{0D1E656E-A40D-47AF-BCE3-72EB7120A1F7}.Release|Any CPU.ActiveCfg = Release|Any CPU
		{0D1E656E-A40D-47AF-BCE3-72EB7120A1F7}.Release|Any CPU.Build.0 = Release|Any CPU
		{22B1D6AC-0C77-4298-9639-20D024A0C647}.Debug|Any CPU.ActiveCfg = Debug|Any CPU
		{22B1D6AC-0C77-4298-9639-20D024A0C647}.Debug|Any CPU.Build.0 = Debug|Any CPU
		{22B1D6AC-0C77-4298-9639-20D024A0C647}.Release|Any CPU.ActiveCfg = Release|Any CPU
		{22B1D6AC-0C77-4298-9639-20D024A0C647}.Release|Any CPU.Build.0 = Release|Any CPU
		{452F5654-67BA-44A8-9648-25D663F5482E}.Debug|Any CPU.ActiveCfg = Debug|Any CPU
		{452F5654-67BA-44A8-9648-25D663F5482E}.Debug|Any CPU.Build.0 = Debug|Any CPU
		{452F5654-67BA-44A8-9648-25D663F5482E}.Release|Any CPU.ActiveCfg = Release|Any CPU
		{452F5654-67BA-44A8-9648-25D663F5482E}.Release|Any CPU.Build.0 = Release|Any CPU
	EndGlobalSection
	GlobalSection(SolutionProperties) = preSolution
		HideSolutionNode = FALSE
	EndGlobalSection
	GlobalSection(ExtensibilityGlobals) = postSolution
		SolutionGuid = {F2988661-3798-4E03-BB7A-C1AC6C61D600}
	EndGlobalSection
EndGlobal
